
Microsoft Visual Studio Solution File, Format Version 12.00
# Visual Studio 15
VisualStudioVersion = 15.0.28307.421
MinimumVisualStudioVersion = 10.0.40219.1
Project("{FAE04EC0-301F-11D3-BF4B-00C04F79EFBC}") = "TextExample_1", "TextExample_1\TextExample_1.csproj", "{CD930FE6-7786-4C3C-A1C0-D1F71C658699}"
EndProject
Project("{FAE04EC0-301F-11D3-BF4B-00C04F79EFBC}") = "ExampleMethodTest", "ExampleMethodTest\ExampleMethodTest.csproj", "{D3B7302F-194D-4CFE-B751-C765DCA21FDA}"
EndProject
Global
	GlobalSection(SolutionConfigurationPlatforms) = preSolution
		Debug|Any CPU = Debug|Any CPU
		Release|Any CPU = Release|Any CPU
	EndGlobalSection
	GlobalSection(ProjectConfigurationPlatforms) = postSolution
		{CD930FE6-7786-4C3C-A1C0-D1F71C658699}.Debug|Any CPU.ActiveCfg = Debug|Any CPU
		{CD930FE6-7786-4C3C-A1C0-D1F71C658699}.Debug|Any CPU.Build.0 = Debug|Any CPU
		{CD930FE6-7786-4C3C-A1C0-D1F71C658699}.Release|Any CPU.ActiveCfg = Release|Any CPU
		{CD930FE6-7786-4C3C-A1C0-D1F71C658699}.Release|Any CPU.Build.0 = Release|Any CPU
		{D3B7302F-194D-4CFE-B751-C765DCA21FDA}.Debug|Any CPU.ActiveCfg = Debug|Any CPU
		{D3B7302F-194D-4CFE-B751-C765DCA21FDA}.Debug|Any CPU.Build.0 = Debug|Any CPU
		{D3B7302F-194D-4CFE-B751-C765DCA21FDA}.Release|Any CPU.ActiveCfg = Release|Any CPU
		{D3B7302F-194D-4CFE-B751-C765DCA21FDA}.Release|Any CPU.Build.0 = Release|Any CPU
	EndGlobalSection
	GlobalSection(SolutionProperties) = preSolution
		HideSolutionNode = FALSE
	EndGlobalSection
	GlobalSection(ExtensibilityGlobals) = postSolution
		SolutionGuid = {5CDF7D1E-F99A-4049-A89C-CE1AF98A5BF8}
	EndGlobalSection
EndGlobal
